
Microsoft Visual Studio Solution File, Format Version 12.00
# Visual Studio Version 17
VisualStudioVersion = 17.13.35818.85 d17.13
MinimumVisualStudioVersion = 10.0.40219.1
Project("{FAE04EC0-301F-11D3-BF4B-00C04F79EFBC}") = "tpmodul8_2211104027", "tpmodul8_2211104027\tpmodul8_2211104027.csproj", "{099437CD-13DF-4DC8-A3AB-DF28D45537D3}"
EndProject
Global
	GlobalSection(SolutionConfigurationPlatforms) = preSolution
		Debug|Any CPU = Debug|Any CPU
		Release|Any CPU = Release|Any CPU
	EndGlobalSection
	GlobalSection(ProjectConfigurationPlatforms) = postSolution
		{099437CD-13DF-4DC8-A3AB-DF28D45537D3}.Debug|Any CPU.ActiveCfg = Debug|Any CPU
		{099437CD-13DF-4DC8-A3AB-DF28D45537D3}.Debug|Any CPU.Build.0 = Debug|Any CPU
		{099437CD-13DF-4DC8-A3AB-DF28D45537D3}.Release|Any CPU.ActiveCfg = Release|Any CPU
		{099437CD-13DF-4DC8-A3AB-DF28D45537D3}.Release|Any CPU.Build.0 = Release|Any CPU
	EndGlobalSection
	GlobalSection(SolutionProperties) = preSolution
		HideSolutionNode = FALSE
	EndGlobalSection
	GlobalSection(ExtensibilityGlobals) = postSolution
		SolutionGuid = {73AB67AC-9843-45DD-BCF7-FEB90B157AC5}
	EndGlobalSection
EndGlobal
